
Microsoft Visual Studio Solution File, Format Version 12.00
# Visual Studio Version 16
VisualStudioVersion = 16.0.29324.140
MinimumVisualStudioVersion = 10.0.40219.1
Project("{8BC9CEB8-8B4A-11D0-8D11-00A0C91BC942}") = "Chapter5_1", "Chapter5_1\Chapter5_1.vcxproj", "{B8CC2800-3707-4A67-B4ED-82FD99DFA0A0}"
EndProject
Project("{8BC9CEB8-8B4A-11D0-8D11-00A0C91BC942}") = "Chapter5_3", "Chapter5_3\Chapter5_3.vcxproj", "{8F4FE5FC-D02D-4F2D-8F89-0870385AF670}"
EndProject
Project("{8BC9CEB8-8B4A-11D0-8D11-00A0C91BC942}") = "Chapter5_4", "Chapter5_4\Chapter5_4.vcxproj", "{D45ED383-8F95-4B81-B14A-26E9C498B375}"
EndProject
Project("{8BC9CEB8-8B4A-11D0-8D11-00A0C91BC942}") = "Chapter5_6", "Chapter5_6\Chapter5_6.vcxproj", "{6B171E1C-74EC-45A4-A065-D1439F6614F7}"
EndProject
Project("{8BC9CEB8-8B4A-11D0-8D11-00A0C91BC942}") = "Chapter5_9", "Chapter5_9\Chapter5_9.vcxproj", "{7690E703-5CD3-4B28-A42C-02BEAC9A2418}"
EndProject
Global
	GlobalSection(SolutionConfigurationPlatforms) = preSolution
		Debug|x64 = Debug|x64
		Debug|x86 = Debug|x86
		Release|x64 = Release|x64
		Release|x86 = Release|x86
	EndGlobalSection
	GlobalSection(ProjectConfigurationPlatforms) = postSolution
		{B8CC2800-3707-4A67-B4ED-82FD99DFA0A0}.Debug|x64.ActiveCfg = Debug|x64
		{B8CC2800-3707-4A67-B4ED-82FD99DFA0A0}.Debug|x64.Build.0 = Debug|x64
		{B8CC2800-3707-4A67-B4ED-82FD99DFA0A0}.Debug|x86.ActiveCfg = Debug|Win32
		{B8CC2800-3707-4A67-B4ED-82FD99DFA0A0}.Debug|x86.Build.0 = Debug|Win32
		{B8CC2800-3707-4A67-B4ED-82FD99DFA0A0}.Release|x64.ActiveCfg = Release|x64
		{B8CC2800-3707-4A67-B4ED-82FD99DFA0A0}.Release|x64.Build.0 = Release|x64
		{B8CC2800-3707-4A67-B4ED-82FD99DFA0A0}.Release|x86.ActiveCfg = Release|Win32
		{B8CC2800-3707-4A67-B4ED-82FD99DFA0A0}.Release|x86.Build.0 = Release|Win32
		{8F4FE5FC-D02D-4F2D-8F89-0870385AF670}.Debug|x64.ActiveCfg = Debug|x64
		{8F4FE5FC-D02D-4F2D-8F89-0870385AF670}.Debug|x64.Build.0 = Debug|x64
		{8F4FE5FC-D02D-4F2D-8F89-0870385AF670}.Debug|x86.ActiveCfg = Debug|Win32
		{8F4FE5FC-D02D-4F2D-8F89-0870385AF670}.Debug|x86.Build.0 = Debug|Win32
		{8F4FE5FC-D02D-4F2D-8F89-0870385AF670}.Release|x64.ActiveCfg = Release|x64
		{8F4FE5FC-D02D-4F2D-8F89-0870385AF670}.Release|x64.Build.0 = Release|x64
		{8F4FE5FC-D02D-4F2D-8F89-0870385AF670}.Release|x86.ActiveCfg = Release|Win32
		{8F4FE5FC-D02D-4F2D-8F89-0870385AF670}.Release|x86.Build.0 = Release|Win32
		{D45ED383-8F95-4B81-B14A-26E9C498B375}.Debug|x64.ActiveCfg = Debug|x64
		{D45ED383-8F95-4B81-B14A-26E9C498B375}.Debug|x64.Build.0 = Debug|x64
		{D45ED383-8F95-4B81-B14A-26E9C498B375}.Debug|x86.ActiveCfg = Debug|Win32
		{D45ED383-8F95-4B81-B14A-26E9C498B375}.Debug|x86.Build.0 = Debug|Win32
		{D45ED383-8F95-4B81-B14A-26E9C498B375}.Release|x64.ActiveCfg = Release|x64
		{D45ED383-8F95-4B81-B14A-26E9C498B375}.Release|x64.Build.0 = Release|x64
		{D45ED383-8F95-4B81-B14A-26E9C498B375}.Release|x86.ActiveCfg = Release|Win32
		{D45ED383-8F95-4B81-B14A-26E9C498B375}.Release|x86.Build.0 = Release|Win32
		{6B171E1C-74EC-45A4-A065-D1439F6614F7}.Debug|x64.ActiveCfg = Debug|x64
		{6B171E1C-74EC-45A4-A065-D1439F6614F7}.Debug|x64.Build.0 = Debug|x64
		{6B171E1C-74EC-45A4-A065-D1439F6614F7}.Debug|x86.ActiveCfg = Debug|Win32
		{6B171E1C-74EC-45A4-A065-D1439F6614F7}.Debug|x86.Build.0 = Debug|Win32
		{6B171E1C-74EC-45A4-A065-D1439F6614F7}.Release|x64.ActiveCfg = Release|x64
		{6B171E1C-74EC-45A4-A065-D1439F6614F7}.Release|x64.Build.0 = Release|x64
		{6B171E1C-74EC-45A4-A065-D1439F6614F7}.Release|x86.ActiveCfg = Release|Win32
		{6B171E1C-74EC-45A4-A065-D1439F6614F7}.Release|x86.Build.0 = Release|Win32
		{7690E703-5CD3-4B28-A42C-02BEAC9A2418}.Debug|x64.ActiveCfg = Debug|x64
		{7690E703-5CD3-4B28-A42C-02BEAC9A2418}.Debug|x64.Build.0 = Debug|x64
		{7690E703-5CD3-4B28-A42C-02BEAC9A2418}.Debug|x86.ActiveCfg = Debug|Win32
		{7690E703-5CD3-4B28-A42C-02BEAC9A2418}.Debug|x86.Build.0 = Debug|Win32
		{7690E703-5CD3-4B28-A42C-02BEAC9A2418}.Release|x64.ActiveCfg = Release|x64
		{7690E703-5CD3-4B28-A42C-02BEAC9A2418}.Release|x64.Build.0 = Release|x64
		{7690E703-5CD3-4B28-A42C-02BEAC9A2418}.Release|x86.ActiveCfg = Release|Win32
		{7690E703-5CD3-4B28-A42C-02BEAC9A2418}.Release|x86.Build.0 = Release|Win32
	EndGlobalSection
	GlobalSection(SolutionProperties) = preSolution
		HideSolutionNode = FALSE
	EndGlobalSection
	GlobalSection(ExtensibilityGlobals) = postSolution
		SolutionGuid = {8FC2E6FB-56DE-450F-A85E-A605E0E3992E}
	EndGlobalSection
EndGlobal
