
Microsoft Visual Studio Solution File, Format Version 12.00
# Visual Studio Version 16
VisualStudioVersion = 16.0.29324.140
MinimumVisualStudioVersion = 10.0.40219.1
Project("{8BC9CEB8-8B4A-11D0-8D11-00A0C91BC942}") = "Chapter6_1", "Chapter6_1\Chapter6_1.vcxproj", "{94589302-0AB8-4E3D-BFAD-49418BD003A0}"
EndProject
Project("{8BC9CEB8-8B4A-11D0-8D11-00A0C91BC942}") = "Chapter6_2", "Chapter6_2\Chapter6_2.vcxproj", "{A0103590-07B8-41EB-B766-424A7C1E94E4}"
EndProject
Project("{8BC9CEB8-8B4A-11D0-8D11-00A0C91BC942}") = "Chapter6_3", "Chapter6_3\Chapter6_3.vcxproj", "{9D2C1BCD-29ED-4C89-9CCE-32B92B6699E9}"
EndProject
Project("{8BC9CEB8-8B4A-11D0-8D11-00A0C91BC942}") = "Chapter6_4", "Chapter6_4\Chapter6_4.vcxproj", "{AF068A2B-A432-4EFA-9496-FB040652D414}"
EndProject
Project("{8BC9CEB8-8B4A-11D0-8D11-00A0C91BC942}") = "Chapter6_5", "Chapter6_5\Chapter6_5.vcxproj", "{1460932E-D89A-471D-BC01-D8C40DDFF973}"
EndProject
Project("{8BC9CEB8-8B4A-11D0-8D11-00A0C91BC942}") = "Chapter6_6", "Chapter6_6\Chapter6_6.vcxproj", "{DAC1E4F4-2AF1-48DA-B9DE-936E65BC4955}"
EndProject
Project("{8BC9CEB8-8B4A-11D0-8D11-00A0C91BC942}") = "Chapter6_7", "Chapter6_7\Chapter6_7.vcxproj", "{9290CDF8-3843-4FCF-AD31-2D5C4F8DC32A}"
EndProject
Project("{8BC9CEB8-8B4A-11D0-8D11-00A0C91BC942}") = "Chapter6_7a", "Chapter6_7a\Chapter6_7a.vcxproj", "{7C9D422D-EFB7-43B7-9E77-BA8DD54658B7}"
EndProject
Project("{8BC9CEB8-8B4A-11D0-8D11-00A0C91BC942}") = "Chapter6_8", "Chapter6_8\Chapter6_8.vcxproj", "{9928281B-034F-4380-909F-A03460CCEC06}"
EndProject
Project("{8BC9CEB8-8B4A-11D0-8D11-00A0C91BC942}") = "Chapter6_9", "Chapter6_9\Chapter6_9.vcxproj", "{BBB8D0B4-67AE-42CF-BEB4-B52EF8F2948E}"
EndProject
Project("{8BC9CEB8-8B4A-11D0-8D11-00A0C91BC942}") = "Chapter6_10", "Chapter6_10\Chapter6_10.vcxproj", "{0EF0336C-FE99-4123-8372-52BD17684C6E}"
EndProject
Project("{8BC9CEB8-8B4A-11D0-8D11-00A0C91BC942}") = "Chapter6_11", "Chapter6_11\Chapter6_11.vcxproj", "{52E62A1C-A1CD-479D-B602-D9A9778507C9}"
EndProject
Project("{8BC9CEB8-8B4A-11D0-8D11-00A0C91BC942}") = "Chapter6_12", "Chapter6_12\Chapter6_12.vcxproj", "{D0B66E80-2ED1-4941-94BD-15072D234013}"
EndProject
Project("{8BC9CEB8-8B4A-11D0-8D11-00A0C91BC942}") = "Chapter6_14", "Chapter6_14\Chapter6_14.vcxproj", "{A3CBED05-F018-4CB8-947A-016275E184D3}"
EndProject
Project("{8BC9CEB8-8B4A-11D0-8D11-00A0C91BC942}") = "Chapter6_15", "Chapter6_15\Chapter6_15.vcxproj", "{E04518F7-D252-41A2-ABFC-18C419F84554}"
EndProject
Project("{8BC9CEB8-8B4A-11D0-8D11-00A0C91BC942}") = "Chapter6_16", "Chapter6_16\Chapter6_16.vcxproj", "{3C158AA7-1A1F-4401-8548-34D02A64CD00}"
EndProject
Project("{8BC9CEB8-8B4A-11D0-8D11-00A0C91BC942}") = "Chapter6_17", "Chapter6_17\Chapter6_17.vcxproj", "{17F01A58-9A4A-4E8A-BBE1-28B15A139841}"
EndProject
Project("{8BC9CEB8-8B4A-11D0-8D11-00A0C91BC942}") = "Chapter6_18", "Chapter6_18\Chapter6_18.vcxproj", "{AA639348-76F3-43D3-AFD1-8C3A20F09098}"
EndProject
Project("{8BC9CEB8-8B4A-11D0-8D11-00A0C91BC942}") = "Chapter6_19", "Chapter6_19\Chapter6_19.vcxproj", "{39B8A207-3E3E-48BB-9F25-F886C088B772}"
EndProject
Project("{8BC9CEB8-8B4A-11D0-8D11-00A0C91BC942}") = "Chapter6_20", "Chapter6_20\Chapter6_20.vcxproj", "{39065F92-BE9D-4CFC-896F-ED05C8FBCC76}"
EndProject
Project("{8BC9CEB8-8B4A-11D0-8D11-00A0C91BC942}") = "Chapter6_21", "Chapter6_21\Chapter6_21.vcxproj", "{00D16D75-C19B-400A-B570-6A946673782C}"
EndProject
Global
	GlobalSection(SolutionConfigurationPlatforms) = preSolution
		Debug|x64 = Debug|x64
		Debug|x86 = Debug|x86
		Release|x64 = Release|x64
		Release|x86 = Release|x86
	EndGlobalSection
	GlobalSection(ProjectConfigurationPlatforms) = postSolution
		{94589302-0AB8-4E3D-BFAD-49418BD003A0}.Debug|x64.ActiveCfg = Debug|x64
		{94589302-0AB8-4E3D-BFAD-49418BD003A0}.Debug|x64.Build.0 = Debug|x64
		{94589302-0AB8-4E3D-BFAD-49418BD003A0}.Debug|x86.ActiveCfg = Debug|Win32
		{94589302-0AB8-4E3D-BFAD-49418BD003A0}.Debug|x86.Build.0 = Debug|Win32
		{94589302-0AB8-4E3D-BFAD-49418BD003A0}.Release|x64.ActiveCfg = Release|x64
		{94589302-0AB8-4E3D-BFAD-49418BD003A0}.Release|x64.Build.0 = Release|x64
		{94589302-0AB8-4E3D-BFAD-49418BD003A0}.Release|x86.ActiveCfg = Release|Win32
		{94589302-0AB8-4E3D-BFAD-49418BD003A0}.Release|x86.Build.0 = Release|Win32
		{A0103590-07B8-41EB-B766-424A7C1E94E4}.Debug|x64.ActiveCfg = Debug|x64
		{A0103590-07B8-41EB-B766-424A7C1E94E4}.Debug|x64.Build.0 = Debug|x64
		{A0103590-07B8-41EB-B766-424A7C1E94E4}.Debug|x86.ActiveCfg = Debug|Win32
		{A0103590-07B8-41EB-B766-424A7C1E94E4}.Debug|x86.Build.0 = Debug|Win32
		{A0103590-07B8-41EB-B766-424A7C1E94E4}.Release|x64.ActiveCfg = Release|x64
		{A0103590-07B8-41EB-B766-424A7C1E94E4}.Release|x64.Build.0 = Release|x64
		{A0103590-07B8-41EB-B766-424A7C1E94E4}.Release|x86.ActiveCfg = Release|Win32
		{A0103590-07B8-41EB-B766-424A7C1E94E4}.Release|x86.Build.0 = Release|Win32
		{9D2C1BCD-29ED-4C89-9CCE-32B92B6699E9}.Debug|x64.ActiveCfg = Debug|x64
		{9D2C1BCD-29ED-4C89-9CCE-32B92B6699E9}.Debug|x64.Build.0 = Debug|x64
		{9D2C1BCD-29ED-4C89-9CCE-32B92B6699E9}.Debug|x86.ActiveCfg = Debug|Win32
		{9D2C1BCD-29ED-4C89-9CCE-32B92B6699E9}.Debug|x86.Build.0 = Debug|Win32
		{9D2C1BCD-29ED-4C89-9CCE-32B92B6699E9}.Release|x64.ActiveCfg = Release|x64
		{9D2C1BCD-29ED-4C89-9CCE-32B92B6699E9}.Release|x64.Build.0 = Release|x64
		{9D2C1BCD-29ED-4C89-9CCE-32B92B6699E9}.Release|x86.ActiveCfg = Release|Win32
		{9D2C1BCD-29ED-4C89-9CCE-32B92B6699E9}.Release|x86.Build.0 = Release|Win32
		{AF068A2B-A432-4EFA-9496-FB040652D414}.Debug|x64.ActiveCfg = Debug|x64
		{AF068A2B-A432-4EFA-9496-FB040652D414}.Debug|x64.Build.0 = Debug|x64
		{AF068A2B-A432-4EFA-9496-FB040652D414}.Debug|x86.ActiveCfg = Debug|Win32
		{AF068A2B-A432-4EFA-9496-FB040652D414}.Debug|x86.Build.0 = Debug|Win32
		{AF068A2B-A432-4EFA-9496-FB040652D414}.Release|x64.ActiveCfg = Release|x64
		{AF068A2B-A432-4EFA-9496-FB040652D414}.Release|x64.Build.0 = Release|x64
		{AF068A2B-A432-4EFA-9496-FB040652D414}.Release|x86.ActiveCfg = Release|Win32
		{AF068A2B-A432-4EFA-9496-FB040652D414}.Release|x86.Build.0 = Release|Win32
		{1460932E-D89A-471D-BC01-D8C40DDFF973}.Debug|x64.ActiveCfg = Debug|x64
		{1460932E-D89A-471D-BC01-D8C40DDFF973}.Debug|x64.Build.0 = Debug|x64
		{1460932E-D89A-471D-BC01-D8C40DDFF973}.Debug|x86.ActiveCfg = Debug|Win32
		{1460932E-D89A-471D-BC01-D8C40DDFF973}.Debug|x86.Build.0 = Debug|Win32
		{1460932E-D89A-471D-BC01-D8C40DDFF973}.Release|x64.ActiveCfg = Release|x64
		{1460932E-D89A-471D-BC01-D8C40DDFF973}.Release|x64.Build.0 = Release|x64
		{1460932E-D89A-471D-BC01-D8C40DDFF973}.Release|x86.ActiveCfg = Release|Win32
		{1460932E-D89A-471D-BC01-D8C40DDFF973}.Release|x86.Build.0 = Release|Win32
		{DAC1E4F4-2AF1-48DA-B9DE-936E65BC4955}.Debug|x64.ActiveCfg = Debug|x64
		{DAC1E4F4-2AF1-48DA-B9DE-936E65BC4955}.Debug|x64.Build.0 = Debug|x64
		{DAC1E4F4-2AF1-48DA-B9DE-936E65BC4955}.Debug|x86.ActiveCfg = Debug|Win32
		{DAC1E4F4-2AF1-48DA-B9DE-936E65BC4955}.Debug|x86.Build.0 = Debug|Win32
		{DAC1E4F4-2AF1-48DA-B9DE-936E65BC4955}.Release|x64.ActiveCfg = Release|x64
		{DAC1E4F4-2AF1-48DA-B9DE-936E65BC4955}.Release|x64.Build.0 = Release|x64
		{DAC1E4F4-2AF1-48DA-B9DE-936E65BC4955}.Release|x86.ActiveCfg = Release|Win32
		{DAC1E4F4-2AF1-48DA-B9DE-936E65BC4955}.Release|x86.Build.0 = Release|Win32
		{9290CDF8-3843-4FCF-AD31-2D5C4F8DC32A}.Debug|x64.ActiveCfg = Debug|x64
		{9290CDF8-3843-4FCF-AD31-2D5C4F8DC32A}.Debug|x64.Build.0 = Debug|x64
		{9290CDF8-3843-4FCF-AD31-2D5C4F8DC32A}.Debug|x86.ActiveCfg = Debug|Win32
		{9290CDF8-3843-4FCF-AD31-2D5C4F8DC32A}.Debug|x86.Build.0 = Debug|Win32
		{9290CDF8-3843-4FCF-AD31-2D5C4F8DC32A}.Release|x64.ActiveCfg = Release|x64
		{9290CDF8-3843-4FCF-AD31-2D5C4F8DC32A}.Release|x64.Build.0 = Release|x64
		{9290CDF8-3843-4FCF-AD31-2D5C4F8DC32A}.Release|x86.ActiveCfg = Release|Win32
		{9290CDF8-3843-4FCF-AD31-2D5C4F8DC32A}.Release|x86.Build.0 = Release|Win32
		{7C9D422D-EFB7-43B7-9E77-BA8DD54658B7}.Debug|x64.ActiveCfg = Debug|x64
		{7C9D422D-EFB7-43B7-9E77-BA8DD54658B7}.Debug|x64.Build.0 = Debug|x64
		{7C9D422D-EFB7-43B7-9E77-BA8DD54658B7}.Debug|x86.ActiveCfg = Debug|Win32
		{7C9D422D-EFB7-43B7-9E77-BA8DD54658B7}.Debug|x86.Build.0 = Debug|Win32
		{7C9D422D-EFB7-43B7-9E77-BA8DD54658B7}.Release|x64.ActiveCfg = Release|x64
		{7C9D422D-EFB7-43B7-9E77-BA8DD54658B7}.Release|x64.Build.0 = Release|x64
		{7C9D422D-EFB7-43B7-9E77-BA8DD54658B7}.Release|x86.ActiveCfg = Release|Win32
		{7C9D422D-EFB7-43B7-9E77-BA8DD54658B7}.Release|x86.Build.0 = Release|Win32
		{9928281B-034F-4380-909F-A03460CCEC06}.Debug|x64.ActiveCfg = Debug|x64
		{9928281B-034F-4380-909F-A03460CCEC06}.Debug|x64.Build.0 = Debug|x64
		{9928281B-034F-4380-909F-A03460CCEC06}.Debug|x86.ActiveCfg = Debug|Win32
		{9928281B-034F-4380-909F-A03460CCEC06}.Debug|x86.Build.0 = Debug|Win32
		{9928281B-034F-4380-909F-A03460CCEC06}.Release|x64.ActiveCfg = Release|x64
		{9928281B-034F-4380-909F-A03460CCEC06}.Release|x64.Build.0 = Release|x64
		{9928281B-034F-4380-909F-A03460CCEC06}.Release|x86.ActiveCfg = Release|Win32
		{9928281B-034F-4380-909F-A03460CCEC06}.Release|x86.Build.0 = Release|Win32
		{BBB8D0B4-67AE-42CF-BEB4-B52EF8F2948E}.Debug|x64.ActiveCfg = Debug|x64
		{BBB8D0B4-67AE-42CF-BEB4-B52EF8F2948E}.Debug|x64.Build.0 = Debug|x64
		{BBB8D0B4-67AE-42CF-BEB4-B52EF8F2948E}.Debug|x86.ActiveCfg = Debug|Win32
		{BBB8D0B4-67AE-42CF-BEB4-B52EF8F2948E}.Debug|x86.Build.0 = Debug|Win32
		{BBB8D0B4-67AE-42CF-BEB4-B52EF8F2948E}.Release|x64.ActiveCfg = Release|x64
		{BBB8D0B4-67AE-42CF-BEB4-B52EF8F2948E}.Release|x64.Build.0 = Release|x64
		{BBB8D0B4-67AE-42CF-BEB4-B52EF8F2948E}.Release|x86.ActiveCfg = Release|Win32
		{BBB8D0B4-67AE-42CF-BEB4-B52EF8F2948E}.Release|x86.Build.0 = Release|Win32
		{0EF0336C-FE99-4123-8372-52BD17684C6E}.Debug|x64.ActiveCfg = Debug|x64
		{0EF0336C-FE99-4123-8372-52BD17684C6E}.Debug|x64.Build.0 = Debug|x64
		{0EF0336C-FE99-4123-8372-52BD17684C6E}.Debug|x86.ActiveCfg = Debug|Win32
		{0EF0336C-FE99-4123-8372-52BD17684C6E}.Debug|x86.Build.0 = Debug|Win32
		{0EF0336C-FE99-4123-8372-52BD17684C6E}.Release|x64.ActiveCfg = Release|x64
		{0EF0336C-FE99-4123-8372-52BD17684C6E}.Release|x64.Build.0 = Release|x64
		{0EF0336C-FE99-4123-8372-52BD17684C6E}.Release|x86.ActiveCfg = Release|Win32
		{0EF0336C-FE99-4123-8372-52BD17684C6E}.Release|x86.Build.0 = Release|Win32
		{52E62A1C-A1CD-479D-B602-D9A9778507C9}.Debug|x64.ActiveCfg = Debug|x64
		{52E62A1C-A1CD-479D-B602-D9A9778507C9}.Debug|x64.Build.0 = Debug|x64
		{52E62A1C-A1CD-479D-B602-D9A9778507C9}.Debug|x86.ActiveCfg = Debug|Win32
		{52E62A1C-A1CD-479D-B602-D9A9778507C9}.Debug|x86.Build.0 = Debug|Win32
		{52E62A1C-A1CD-479D-B602-D9A9778507C9}.Release|x64.ActiveCfg = Release|x64
		{52E62A1C-A1CD-479D-B602-D9A9778507C9}.Release|x64.Build.0 = Release|x64
		{52E62A1C-A1CD-479D-B602-D9A9778507C9}.Release|x86.ActiveCfg = Release|Win32
		{52E62A1C-A1CD-479D-B602-D9A9778507C9}.Release|x86.Build.0 = Release|Win32
		{D0B66E80-2ED1-4941-94BD-15072D234013}.Debug|x64.ActiveCfg = Debug|x64
		{D0B66E80-2ED1-4941-94BD-15072D234013}.Debug|x64.Build.0 = Debug|x64
		{D0B66E80-2ED1-4941-94BD-15072D234013}.Debug|x86.ActiveCfg = Debug|Win32
		{D0B66E80-2ED1-4941-94BD-15072D234013}.Debug|x86.Build.0 = Debug|Win32
		{D0B66E80-2ED1-4941-94BD-15072D234013}.Release|x64.ActiveCfg = Release|x64
		{D0B66E80-2ED1-4941-94BD-15072D234013}.Release|x64.Build.0 = Release|x64
		{D0B66E80-2ED1-4941-94BD-15072D234013}.Release|x86.ActiveCfg = Release|Win32
		{D0B66E80-2ED1-4941-94BD-15072D234013}.Release|x86.Build.0 = Release|Win32
		{A3CBED05-F018-4CB8-947A-016275E184D3}.Debug|x64.ActiveCfg = Debug|x64
		{A3CBED05-F018-4CB8-947A-016275E184D3}.Debug|x64.Build.0 = Debug|x64
		{A3CBED05-F018-4CB8-947A-016275E184D3}.Debug|x86.ActiveCfg = Debug|Win32
		{A3CBED05-F018-4CB8-947A-016275E184D3}.Debug|x86.Build.0 = Debug|Win32
		{A3CBED05-F018-4CB8-947A-016275E184D3}.Release|x64.ActiveCfg = Release|x64
		{A3CBED05-F018-4CB8-947A-016275E184D3}.Release|x64.Build.0 = Release|x64
		{A3CBED05-F018-4CB8-947A-016275E184D3}.Release|x86.ActiveCfg = Release|Win32
		{A3CBED05-F018-4CB8-947A-016275E184D3}.Release|x86.Build.0 = Release|Win32
		{E04518F7-D252-41A2-ABFC-18C419F84554}.Debug|x64.ActiveCfg = Debug|x64
		{E04518F7-D252-41A2-ABFC-18C419F84554}.Debug|x64.Build.0 = Debug|x64
		{E04518F7-D252-41A2-ABFC-18C419F84554}.Debug|x86.ActiveCfg = Debug|Win32
		{E04518F7-D252-41A2-ABFC-18C419F84554}.Debug|x86.Build.0 = Debug|Win32
		{E04518F7-D252-41A2-ABFC-18C419F84554}.Release|x64.ActiveCfg = Release|x64
		{E04518F7-D252-41A2-ABFC-18C419F84554}.Release|x64.Build.0 = Release|x64
		{E04518F7-D252-41A2-ABFC-18C419F84554}.Release|x86.ActiveCfg = Release|Win32
		{E04518F7-D252-41A2-ABFC-18C419F84554}.Release|x86.Build.0 = Release|Win32
		{3C158AA7-1A1F-4401-8548-34D02A64CD00}.Debug|x64.ActiveCfg = Debug|x64
		{3C158AA7-1A1F-4401-8548-34D02A64CD00}.Debug|x64.Build.0 = Debug|x64
		{3C158AA7-1A1F-4401-8548-34D02A64CD00}.Debug|x86.ActiveCfg = Debug|Win32
		{3C158AA7-1A1F-4401-8548-34D02A64CD00}.Debug|x86.Build.0 = Debug|Win32
		{3C158AA7-1A1F-4401-8548-34D02A64CD00}.Release|x64.ActiveCfg = Release|x64
		{3C158AA7-1A1F-4401-8548-34D02A64CD00}.Release|x64.Build.0 = Release|x64
		{3C158AA7-1A1F-4401-8548-34D02A64CD00}.Release|x86.ActiveCfg = Release|Win32
		{3C158AA7-1A1F-4401-8548-34D02A64CD00}.Release|x86.Build.0 = Release|Win32
		{17F01A58-9A4A-4E8A-BBE1-28B15A139841}.Debug|x64.ActiveCfg = Debug|x64
		{17F01A58-9A4A-4E8A-BBE1-28B15A139841}.Debug|x64.Build.0 = Debug|x64
		{17F01A58-9A4A-4E8A-BBE1-28B15A139841}.Debug|x86.ActiveCfg = Debug|Win32
		{17F01A58-9A4A-4E8A-BBE1-28B15A139841}.Debug|x86.Build.0 = Debug|Win32
		{17F01A58-9A4A-4E8A-BBE1-28B15A139841}.Release|x64.ActiveCfg = Release|x64
		{17F01A58-9A4A-4E8A-BBE1-28B15A139841}.Release|x64.Build.0 = Release|x64
		{17F01A58-9A4A-4E8A-BBE1-28B15A139841}.Release|x86.ActiveCfg = Release|Win32
		{17F01A58-9A4A-4E8A-BBE1-28B15A139841}.Release|x86.Build.0 = Release|Win32
		{AA639348-76F3-43D3-AFD1-8C3A20F09098}.Debug|x64.ActiveCfg = Debug|x64
		{AA639348-76F3-43D3-AFD1-8C3A20F09098}.Debug|x64.Build.0 = Debug|x64
		{AA639348-76F3-43D3-AFD1-8C3A20F09098}.Debug|x86.ActiveCfg = Debug|Win32
		{AA639348-76F3-43D3-AFD1-8C3A20F09098}.Debug|x86.Build.0 = Debug|Win32
		{AA639348-76F3-43D3-AFD1-8C3A20F09098}.Release|x64.ActiveCfg = Release|x64
		{AA639348-76F3-43D3-AFD1-8C3A20F09098}.Release|x64.Build.0 = Release|x64
		{AA639348-76F3-43D3-AFD1-8C3A20F09098}.Release|x86.ActiveCfg = Release|Win32
		{AA639348-76F3-43D3-AFD1-8C3A20F09098}.Release|x86.Build.0 = Release|Win32
		{39B8A207-3E3E-48BB-9F25-F886C088B772}.Debug|x64.ActiveCfg = Debug|x64
		{39B8A207-3E3E-48BB-9F25-F886C088B772}.Debug|x64.Build.0 = Debug|x64
		{39B8A207-3E3E-48BB-9F25-F886C088B772}.Debug|x86.ActiveCfg = Debug|Win32
		{39B8A207-3E3E-48BB-9F25-F886C088B772}.Debug|x86.Build.0 = Debug|Win32
		{39B8A207-3E3E-48BB-9F25-F886C088B772}.Release|x64.ActiveCfg = Release|x64
		{39B8A207-3E3E-48BB-9F25-F886C088B772}.Release|x64.Build.0 = Release|x64
		{39B8A207-3E3E-48BB-9F25-F886C088B772}.Release|x86.ActiveCfg = Release|Win32
		{39B8A207-3E3E-48BB-9F25-F886C088B772}.Release|x86.Build.0 = Release|Win32
		{39065F92-BE9D-4CFC-896F-ED05C8FBCC76}.Debug|x64.ActiveCfg = Debug|x64
		{39065F92-BE9D-4CFC-896F-ED05C8FBCC76}.Debug|x64.Build.0 = Debug|x64
		{39065F92-BE9D-4CFC-896F-ED05C8FBCC76}.Debug|x86.ActiveCfg = Debug|Win32
		{39065F92-BE9D-4CFC-896F-ED05C8FBCC76}.Debug|x86.Build.0 = Debug|Win32
		{39065F92-BE9D-4CFC-896F-ED05C8FBCC76}.Release|x64.ActiveCfg = Release|x64
		{39065F92-BE9D-4CFC-896F-ED05C8FBCC76}.Release|x64.Build.0 = Release|x64
		{39065F92-BE9D-4CFC-896F-ED05C8FBCC76}.Release|x86.ActiveCfg = Release|Win32
		{39065F92-BE9D-4CFC-896F-ED05C8FBCC76}.Release|x86.Build.0 = Release|Win32
		{00D16D75-C19B-400A-B570-6A946673782C}.Debug|x64.ActiveCfg = Debug|x64
		{00D16D75-C19B-400A-B570-6A946673782C}.Debug|x64.Build.0 = Debug|x64
		{00D16D75-C19B-400A-B570-6A946673782C}.Debug|x86.ActiveCfg = Debug|Win32
		{00D16D75-C19B-400A-B570-6A946673782C}.Debug|x86.Build.0 = Debug|Win32
		{00D16D75-C19B-400A-B570-6A946673782C}.Release|x64.ActiveCfg = Release|x64
		{00D16D75-C19B-400A-B570-6A946673782C}.Release|x64.Build.0 = Release|x64
		{00D16D75-C19B-400A-B570-6A946673782C}.Release|x86.ActiveCfg = Release|Win32
		{00D16D75-C19B-400A-B570-6A946673782C}.Release|x86.Build.0 = Release|Win32
	EndGlobalSection
	GlobalSection(SolutionProperties) = preSolution
		HideSolutionNode = FALSE
	EndGlobalSection
	GlobalSection(ExtensibilityGlobals) = postSolution
		SolutionGuid = {25F53A4A-FDD4-446B-8B1E-0E591193FE4E}
	EndGlobalSection
EndGlobal
