
Microsoft Visual Studio Solution File, Format Version 12.00
# Visual Studio Version 16
VisualStudioVersion = 16.0.29418.71
MinimumVisualStudioVersion = 10.0.40219.1
Project("{8BC9CEB8-8B4A-11D0-8D11-00A0C91BC942}") = "Chapter9_01 산술 연산자 오버로딩하기", "Chapter9_1 산술 연산자 오버로딩하기\Chapter9_1 산술 연산자 오버로딩하기.vcxproj", "{7B0E2D42-CA48-40DC-9314-CA135BA0C2BB}"
EndProject
Project("{8BC9CEB8-8B4A-11D0-8D11-00A0C91BC942}") = "Chapter9_02 입출력 연산자 오버로딩 하기", "Chapter9_2 입출력 연산자 오버로딩 하기\Chapter9_2 입출력 연산자 오버로딩 하기.vcxproj", "{78D9490F-D5C0-4A51-8E61-1225B92044AA}"
EndProject
Project("{8BC9CEB8-8B4A-11D0-8D11-00A0C91BC942}") = "Chapter9_03 단항 연산자 오버로딩 하기", "Chapter9_3 단항 연산자 오버로딩 하기\Chapter9_3 단항 연산자 오버로딩 하기.vcxproj", "{769E2196-016C-4ACE-B445-104DA73CB171}"
EndProject
Project("{8BC9CEB8-8B4A-11D0-8D11-00A0C91BC942}") = "Chapter9_04 비교 연산자 오버로딩 하기", "Chapter9_4 비교 연산자 오버로딩 하기\Chapter9_4 비교 연산자 오버로딩 하기.vcxproj", "{4F28A112-1304-4AA6-8F3E-275BA087D656}"
EndProject
Project("{8BC9CEB8-8B4A-11D0-8D11-00A0C91BC942}") = "Chapter9_05 증감 연산자 오버로딩 하기", "Chapter9_5 증감 연산자 오버로딩 하기\Chapter9_5 증감 연산자 오버로딩 하기.vcxproj", "{AD05A7F4-38FF-4C8E-AAFA-AE993BB5F93C}"
EndProject
Project("{8BC9CEB8-8B4A-11D0-8D11-00A0C91BC942}") = "Chapter9_06 첨자 연산자 오버로딩 하기", "Chapter9_06 첨자 연산자 오버로딩 하기\Chapter9_06 첨자 연산자 오버로딩 하기.vcxproj", "{DD7707DA-1CF9-4EC6-BEF0-EE71B0ACBB3E}"
EndProject
Project("{8BC9CEB8-8B4A-11D0-8D11-00A0C91BC942}") = "Chapter9_07 괄호 연산자 오버로딩과 함수 객체", "Chapter9_07 괄호 연산자 오버로딩과 함수 개ㅑㄱ체\Chapter9_07 괄호 연산자 오버로딩과 함수 개ㅑㄱ체.vcxproj", "{03C3F713-8854-4BFA-A0C1-FFE8BBF232F6}"
EndProject
Project("{8BC9CEB8-8B4A-11D0-8D11-00A0C91BC942}") = "Chapter9_08 형변환을 오버로딩 하기", "Chapter9_08 형변환을 오버로딩 하기\Chapter9_08 형변환을 오버로딩 하기.vcxproj", "{D822283A-6A8B-4E25-A61C-7400C9A2FCB1}"
EndProject
Project("{8BC9CEB8-8B4A-11D0-8D11-00A0C91BC942}") = "Chapter9_09 복사 생성자, 복사 초기화 반환값 최적화", "Chapter9_09 복사 생성자, 복사 초기화 반환값 최적화\Chapter9_09 복사 생성자, 복사 초기화 반환값 최적화.vcxproj", "{DD941EC5-3C78-49DF-9EE7-D4C4321BD1F7}"
EndProject
Global
	GlobalSection(SolutionConfigurationPlatforms) = preSolution
		Debug|x64 = Debug|x64
		Debug|x86 = Debug|x86
		Release|x64 = Release|x64
		Release|x86 = Release|x86
	EndGlobalSection
	GlobalSection(ProjectConfigurationPlatforms) = postSolution
		{7B0E2D42-CA48-40DC-9314-CA135BA0C2BB}.Debug|x64.ActiveCfg = Debug|x64
		{7B0E2D42-CA48-40DC-9314-CA135BA0C2BB}.Debug|x64.Build.0 = Debug|x64
		{7B0E2D42-CA48-40DC-9314-CA135BA0C2BB}.Debug|x86.ActiveCfg = Debug|Win32
		{7B0E2D42-CA48-40DC-9314-CA135BA0C2BB}.Debug|x86.Build.0 = Debug|Win32
		{7B0E2D42-CA48-40DC-9314-CA135BA0C2BB}.Release|x64.ActiveCfg = Release|x64
		{7B0E2D42-CA48-40DC-9314-CA135BA0C2BB}.Release|x64.Build.0 = Release|x64
		{7B0E2D42-CA48-40DC-9314-CA135BA0C2BB}.Release|x86.ActiveCfg = Release|Win32
		{7B0E2D42-CA48-40DC-9314-CA135BA0C2BB}.Release|x86.Build.0 = Release|Win32
		{78D9490F-D5C0-4A51-8E61-1225B92044AA}.Debug|x64.ActiveCfg = Debug|x64
		{78D9490F-D5C0-4A51-8E61-1225B92044AA}.Debug|x64.Build.0 = Debug|x64
		{78D9490F-D5C0-4A51-8E61-1225B92044AA}.Debug|x86.ActiveCfg = Debug|Win32
		{78D9490F-D5C0-4A51-8E61-1225B92044AA}.Debug|x86.Build.0 = Debug|Win32
		{78D9490F-D5C0-4A51-8E61-1225B92044AA}.Release|x64.ActiveCfg = Release|x64
		{78D9490F-D5C0-4A51-8E61-1225B92044AA}.Release|x64.Build.0 = Release|x64
		{78D9490F-D5C0-4A51-8E61-1225B92044AA}.Release|x86.ActiveCfg = Release|Win32
		{78D9490F-D5C0-4A51-8E61-1225B92044AA}.Release|x86.Build.0 = Release|Win32
		{769E2196-016C-4ACE-B445-104DA73CB171}.Debug|x64.ActiveCfg = Debug|x64
		{769E2196-016C-4ACE-B445-104DA73CB171}.Debug|x64.Build.0 = Debug|x64
		{769E2196-016C-4ACE-B445-104DA73CB171}.Debug|x86.ActiveCfg = Debug|Win32
		{769E2196-016C-4ACE-B445-104DA73CB171}.Debug|x86.Build.0 = Debug|Win32
		{769E2196-016C-4ACE-B445-104DA73CB171}.Release|x64.ActiveCfg = Release|x64
		{769E2196-016C-4ACE-B445-104DA73CB171}.Release|x64.Build.0 = Release|x64
		{769E2196-016C-4ACE-B445-104DA73CB171}.Release|x86.ActiveCfg = Release|Win32
		{769E2196-016C-4ACE-B445-104DA73CB171}.Release|x86.Build.0 = Release|Win32
		{4F28A112-1304-4AA6-8F3E-275BA087D656}.Debug|x64.ActiveCfg = Debug|x64
		{4F28A112-1304-4AA6-8F3E-275BA087D656}.Debug|x64.Build.0 = Debug|x64
		{4F28A112-1304-4AA6-8F3E-275BA087D656}.Debug|x86.ActiveCfg = Debug|Win32
		{4F28A112-1304-4AA6-8F3E-275BA087D656}.Debug|x86.Build.0 = Debug|Win32
		{4F28A112-1304-4AA6-8F3E-275BA087D656}.Release|x64.ActiveCfg = Release|x64
		{4F28A112-1304-4AA6-8F3E-275BA087D656}.Release|x64.Build.0 = Release|x64
		{4F28A112-1304-4AA6-8F3E-275BA087D656}.Release|x86.ActiveCfg = Release|Win32
		{4F28A112-1304-4AA6-8F3E-275BA087D656}.Release|x86.Build.0 = Release|Win32
		{AD05A7F4-38FF-4C8E-AAFA-AE993BB5F93C}.Debug|x64.ActiveCfg = Debug|x64
		{AD05A7F4-38FF-4C8E-AAFA-AE993BB5F93C}.Debug|x64.Build.0 = Debug|x64
		{AD05A7F4-38FF-4C8E-AAFA-AE993BB5F93C}.Debug|x86.ActiveCfg = Debug|Win32
		{AD05A7F4-38FF-4C8E-AAFA-AE993BB5F93C}.Debug|x86.Build.0 = Debug|Win32
		{AD05A7F4-38FF-4C8E-AAFA-AE993BB5F93C}.Release|x64.ActiveCfg = Release|x64
		{AD05A7F4-38FF-4C8E-AAFA-AE993BB5F93C}.Release|x64.Build.0 = Release|x64
		{AD05A7F4-38FF-4C8E-AAFA-AE993BB5F93C}.Release|x86.ActiveCfg = Release|Win32
		{AD05A7F4-38FF-4C8E-AAFA-AE993BB5F93C}.Release|x86.Build.0 = Release|Win32
		{DD7707DA-1CF9-4EC6-BEF0-EE71B0ACBB3E}.Debug|x64.ActiveCfg = Debug|x64
		{DD7707DA-1CF9-4EC6-BEF0-EE71B0ACBB3E}.Debug|x64.Build.0 = Debug|x64
		{DD7707DA-1CF9-4EC6-BEF0-EE71B0ACBB3E}.Debug|x86.ActiveCfg = Debug|Win32
		{DD7707DA-1CF9-4EC6-BEF0-EE71B0ACBB3E}.Debug|x86.Build.0 = Debug|Win32
		{DD7707DA-1CF9-4EC6-BEF0-EE71B0ACBB3E}.Release|x64.ActiveCfg = Release|x64
		{DD7707DA-1CF9-4EC6-BEF0-EE71B0ACBB3E}.Release|x64.Build.0 = Release|x64
		{DD7707DA-1CF9-4EC6-BEF0-EE71B0ACBB3E}.Release|x86.ActiveCfg = Release|Win32
		{DD7707DA-1CF9-4EC6-BEF0-EE71B0ACBB3E}.Release|x86.Build.0 = Release|Win32
		{03C3F713-8854-4BFA-A0C1-FFE8BBF232F6}.Debug|x64.ActiveCfg = Debug|x64
		{03C3F713-8854-4BFA-A0C1-FFE8BBF232F6}.Debug|x64.Build.0 = Debug|x64
		{03C3F713-8854-4BFA-A0C1-FFE8BBF232F6}.Debug|x86.ActiveCfg = Debug|Win32
		{03C3F713-8854-4BFA-A0C1-FFE8BBF232F6}.Debug|x86.Build.0 = Debug|Win32
		{03C3F713-8854-4BFA-A0C1-FFE8BBF232F6}.Release|x64.ActiveCfg = Release|x64
		{03C3F713-8854-4BFA-A0C1-FFE8BBF232F6}.Release|x64.Build.0 = Release|x64
		{03C3F713-8854-4BFA-A0C1-FFE8BBF232F6}.Release|x86.ActiveCfg = Release|Win32
		{03C3F713-8854-4BFA-A0C1-FFE8BBF232F6}.Release|x86.Build.0 = Release|Win32
		{D822283A-6A8B-4E25-A61C-7400C9A2FCB1}.Debug|x64.ActiveCfg = Debug|x64
		{D822283A-6A8B-4E25-A61C-7400C9A2FCB1}.Debug|x64.Build.0 = Debug|x64
		{D822283A-6A8B-4E25-A61C-7400C9A2FCB1}.Debug|x86.ActiveCfg = Debug|Win32
		{D822283A-6A8B-4E25-A61C-7400C9A2FCB1}.Debug|x86.Build.0 = Debug|Win32
		{D822283A-6A8B-4E25-A61C-7400C9A2FCB1}.Release|x64.ActiveCfg = Release|x64
		{D822283A-6A8B-4E25-A61C-7400C9A2FCB1}.Release|x64.Build.0 = Release|x64
		{D822283A-6A8B-4E25-A61C-7400C9A2FCB1}.Release|x86.ActiveCfg = Release|Win32
		{D822283A-6A8B-4E25-A61C-7400C9A2FCB1}.Release|x86.Build.0 = Release|Win32
		{DD941EC5-3C78-49DF-9EE7-D4C4321BD1F7}.Debug|x64.ActiveCfg = Debug|x64
		{DD941EC5-3C78-49DF-9EE7-D4C4321BD1F7}.Debug|x64.Build.0 = Debug|x64
		{DD941EC5-3C78-49DF-9EE7-D4C4321BD1F7}.Debug|x86.ActiveCfg = Debug|Win32
		{DD941EC5-3C78-49DF-9EE7-D4C4321BD1F7}.Debug|x86.Build.0 = Debug|Win32
		{DD941EC5-3C78-49DF-9EE7-D4C4321BD1F7}.Release|x64.ActiveCfg = Release|x64
		{DD941EC5-3C78-49DF-9EE7-D4C4321BD1F7}.Release|x64.Build.0 = Release|x64
		{DD941EC5-3C78-49DF-9EE7-D4C4321BD1F7}.Release|x86.ActiveCfg = Release|Win32
		{DD941EC5-3C78-49DF-9EE7-D4C4321BD1F7}.Release|x86.Build.0 = Release|Win32
	EndGlobalSection
	GlobalSection(SolutionProperties) = preSolution
		HideSolutionNode = FALSE
	EndGlobalSection
	GlobalSection(ExtensibilityGlobals) = postSolution
		SolutionGuid = {8E300987-08B3-47B7-B526-690D3DE5601C}
	EndGlobalSection
EndGlobal
