
Microsoft Visual Studio Solution File, Format Version 12.00
# Visual Studio Version 16
VisualStudioVersion = 16.0.29324.140
MinimumVisualStudioVersion = 10.0.40219.1
Project("{8BC9CEB8-8B4A-11D0-8D11-00A0C91BC942}") = "Chapter4_1", "HongChapter4\HongChapter4.vcxproj", "{8439CD1F-B254-4F92-8A32-700A00B85219}"
EndProject
Project("{8BC9CEB8-8B4A-11D0-8D11-00A0C91BC942}") = "Chapter4_2", "Chapter4_2\Chapter4_2.vcxproj", "{CE277441-21D7-4BCF-AC62-C1CB01B6B710}"
EndProject
Project("{8BC9CEB8-8B4A-11D0-8D11-00A0C91BC942}") = "Chapter4_3", "Chapter4_3\Chapter4_3.vcxproj", "{43551039-A0FE-4863-B53A-3D15D4F9A60A}"
EndProject
Project("{8BC9CEB8-8B4A-11D0-8D11-00A0C91BC942}") = "Chapter4_4", "Chapter4_4\Chapter4_4.vcxproj", "{8910798A-EC52-4C66-8E85-553A9DDC4536}"
EndProject
Project("{8BC9CEB8-8B4A-11D0-8D11-00A0C91BC942}") = "Chapter4_5", "Chapter4_5\Chapter4_5.vcxproj", "{F54DE44C-B8F5-4ED3-B9FA-B5240ED6A44F}"
EndProject
Project("{8BC9CEB8-8B4A-11D0-8D11-00A0C91BC942}") = "Chapter4_6", "Chapter4_6\Chapter4_6.vcxproj", "{B507CC84-F491-4BAE-BC17-08D0BEA72F53}"
EndProject
Project("{8BC9CEB8-8B4A-11D0-8D11-00A0C91BC942}") = "Chapter4_7", "Chapter4_7\Chapter4_7.vcxproj", "{40F57557-A9DD-42C6-8778-B3C881F4C353}"
EndProject
Project("{8BC9CEB8-8B4A-11D0-8D11-00A0C91BC942}") = "Chapter4_8", "Chapter4_8\Chapter4_8.vcxproj", "{4EBF13A9-C07F-45EC-91F8-3D2DC24FCDFF}"
EndProject
Project("{8BC9CEB8-8B4A-11D0-8D11-00A0C91BC942}") = "Chapter4_9", "Chapter4_9\Chapter4_9.vcxproj", "{4557F754-9FF9-4CD6-AA1A-1F5AB2A15998}"
EndProject
Project("{8BC9CEB8-8B4A-11D0-8D11-00A0C91BC942}") = "Chapter4_10", "Chapter4_10\Chapter4_10.vcxproj", "{A811A187-41FC-4B0F-A93E-DE274C44485F}"
EndProject
Global
	GlobalSection(SolutionConfigurationPlatforms) = preSolution
		Debug|x64 = Debug|x64
		Debug|x86 = Debug|x86
		Release|x64 = Release|x64
		Release|x86 = Release|x86
	EndGlobalSection
	GlobalSection(ProjectConfigurationPlatforms) = postSolution
		{8439CD1F-B254-4F92-8A32-700A00B85219}.Debug|x64.ActiveCfg = Debug|x64
		{8439CD1F-B254-4F92-8A32-700A00B85219}.Debug|x64.Build.0 = Debug|x64
		{8439CD1F-B254-4F92-8A32-700A00B85219}.Debug|x86.ActiveCfg = Debug|Win32
		{8439CD1F-B254-4F92-8A32-700A00B85219}.Debug|x86.Build.0 = Debug|Win32
		{8439CD1F-B254-4F92-8A32-700A00B85219}.Release|x64.ActiveCfg = Release|x64
		{8439CD1F-B254-4F92-8A32-700A00B85219}.Release|x64.Build.0 = Release|x64
		{8439CD1F-B254-4F92-8A32-700A00B85219}.Release|x86.ActiveCfg = Release|Win32
		{8439CD1F-B254-4F92-8A32-700A00B85219}.Release|x86.Build.0 = Release|Win32
		{CE277441-21D7-4BCF-AC62-C1CB01B6B710}.Debug|x64.ActiveCfg = Debug|x64
		{CE277441-21D7-4BCF-AC62-C1CB01B6B710}.Debug|x64.Build.0 = Debug|x64
		{CE277441-21D7-4BCF-AC62-C1CB01B6B710}.Debug|x86.ActiveCfg = Debug|Win32
		{CE277441-21D7-4BCF-AC62-C1CB01B6B710}.Debug|x86.Build.0 = Debug|Win32
		{CE277441-21D7-4BCF-AC62-C1CB01B6B710}.Release|x64.ActiveCfg = Release|x64
		{CE277441-21D7-4BCF-AC62-C1CB01B6B710}.Release|x64.Build.0 = Release|x64
		{CE277441-21D7-4BCF-AC62-C1CB01B6B710}.Release|x86.ActiveCfg = Release|Win32
		{CE277441-21D7-4BCF-AC62-C1CB01B6B710}.Release|x86.Build.0 = Release|Win32
		{43551039-A0FE-4863-B53A-3D15D4F9A60A}.Debug|x64.ActiveCfg = Debug|x64
		{43551039-A0FE-4863-B53A-3D15D4F9A60A}.Debug|x64.Build.0 = Debug|x64
		{43551039-A0FE-4863-B53A-3D15D4F9A60A}.Debug|x86.ActiveCfg = Debug|Win32
		{43551039-A0FE-4863-B53A-3D15D4F9A60A}.Debug|x86.Build.0 = Debug|Win32
		{43551039-A0FE-4863-B53A-3D15D4F9A60A}.Release|x64.ActiveCfg = Release|x64
		{43551039-A0FE-4863-B53A-3D15D4F9A60A}.Release|x64.Build.0 = Release|x64
		{43551039-A0FE-4863-B53A-3D15D4F9A60A}.Release|x86.ActiveCfg = Release|Win32
		{43551039-A0FE-4863-B53A-3D15D4F9A60A}.Release|x86.Build.0 = Release|Win32
		{8910798A-EC52-4C66-8E85-553A9DDC4536}.Debug|x64.ActiveCfg = Debug|x64
		{8910798A-EC52-4C66-8E85-553A9DDC4536}.Debug|x64.Build.0 = Debug|x64
		{8910798A-EC52-4C66-8E85-553A9DDC4536}.Debug|x86.ActiveCfg = Debug|Win32
		{8910798A-EC52-4C66-8E85-553A9DDC4536}.Debug|x86.Build.0 = Debug|Win32
		{8910798A-EC52-4C66-8E85-553A9DDC4536}.Release|x64.ActiveCfg = Release|x64
		{8910798A-EC52-4C66-8E85-553A9DDC4536}.Release|x64.Build.0 = Release|x64
		{8910798A-EC52-4C66-8E85-553A9DDC4536}.Release|x86.ActiveCfg = Release|Win32
		{8910798A-EC52-4C66-8E85-553A9DDC4536}.Release|x86.Build.0 = Release|Win32
		{F54DE44C-B8F5-4ED3-B9FA-B5240ED6A44F}.Debug|x64.ActiveCfg = Debug|x64
		{F54DE44C-B8F5-4ED3-B9FA-B5240ED6A44F}.Debug|x64.Build.0 = Debug|x64
		{F54DE44C-B8F5-4ED3-B9FA-B5240ED6A44F}.Debug|x86.ActiveCfg = Debug|Win32
		{F54DE44C-B8F5-4ED3-B9FA-B5240ED6A44F}.Debug|x86.Build.0 = Debug|Win32
		{F54DE44C-B8F5-4ED3-B9FA-B5240ED6A44F}.Release|x64.ActiveCfg = Release|x64
		{F54DE44C-B8F5-4ED3-B9FA-B5240ED6A44F}.Release|x64.Build.0 = Release|x64
		{F54DE44C-B8F5-4ED3-B9FA-B5240ED6A44F}.Release|x86.ActiveCfg = Release|Win32
		{F54DE44C-B8F5-4ED3-B9FA-B5240ED6A44F}.Release|x86.Build.0 = Release|Win32
		{B507CC84-F491-4BAE-BC17-08D0BEA72F53}.Debug|x64.ActiveCfg = Debug|x64
		{B507CC84-F491-4BAE-BC17-08D0BEA72F53}.Debug|x64.Build.0 = Debug|x64
		{B507CC84-F491-4BAE-BC17-08D0BEA72F53}.Debug|x86.ActiveCfg = Debug|Win32
		{B507CC84-F491-4BAE-BC17-08D0BEA72F53}.Debug|x86.Build.0 = Debug|Win32
		{B507CC84-F491-4BAE-BC17-08D0BEA72F53}.Release|x64.ActiveCfg = Release|x64
		{B507CC84-F491-4BAE-BC17-08D0BEA72F53}.Release|x64.Build.0 = Release|x64
		{B507CC84-F491-4BAE-BC17-08D0BEA72F53}.Release|x86.ActiveCfg = Release|Win32
		{B507CC84-F491-4BAE-BC17-08D0BEA72F53}.Release|x86.Build.0 = Release|Win32
		{40F57557-A9DD-42C6-8778-B3C881F4C353}.Debug|x64.ActiveCfg = Debug|x64
		{40F57557-A9DD-42C6-8778-B3C881F4C353}.Debug|x64.Build.0 = Debug|x64
		{40F57557-A9DD-42C6-8778-B3C881F4C353}.Debug|x86.ActiveCfg = Debug|Win32
		{40F57557-A9DD-42C6-8778-B3C881F4C353}.Debug|x86.Build.0 = Debug|Win32
		{40F57557-A9DD-42C6-8778-B3C881F4C353}.Release|x64.ActiveCfg = Release|x64
		{40F57557-A9DD-42C6-8778-B3C881F4C353}.Release|x64.Build.0 = Release|x64
		{40F57557-A9DD-42C6-8778-B3C881F4C353}.Release|x86.ActiveCfg = Release|Win32
		{40F57557-A9DD-42C6-8778-B3C881F4C353}.Release|x86.Build.0 = Release|Win32
		{4EBF13A9-C07F-45EC-91F8-3D2DC24FCDFF}.Debug|x64.ActiveCfg = Debug|x64
		{4EBF13A9-C07F-45EC-91F8-3D2DC24FCDFF}.Debug|x64.Build.0 = Debug|x64
		{4EBF13A9-C07F-45EC-91F8-3D2DC24FCDFF}.Debug|x86.ActiveCfg = Debug|Win32
		{4EBF13A9-C07F-45EC-91F8-3D2DC24FCDFF}.Debug|x86.Build.0 = Debug|Win32
		{4EBF13A9-C07F-45EC-91F8-3D2DC24FCDFF}.Release|x64.ActiveCfg = Release|x64
		{4EBF13A9-C07F-45EC-91F8-3D2DC24FCDFF}.Release|x64.Build.0 = Release|x64
		{4EBF13A9-C07F-45EC-91F8-3D2DC24FCDFF}.Release|x86.ActiveCfg = Release|Win32
		{4EBF13A9-C07F-45EC-91F8-3D2DC24FCDFF}.Release|x86.Build.0 = Release|Win32
		{4557F754-9FF9-4CD6-AA1A-1F5AB2A15998}.Debug|x64.ActiveCfg = Debug|x64
		{4557F754-9FF9-4CD6-AA1A-1F5AB2A15998}.Debug|x64.Build.0 = Debug|x64
		{4557F754-9FF9-4CD6-AA1A-1F5AB2A15998}.Debug|x86.ActiveCfg = Debug|Win32
		{4557F754-9FF9-4CD6-AA1A-1F5AB2A15998}.Debug|x86.Build.0 = Debug|Win32
		{4557F754-9FF9-4CD6-AA1A-1F5AB2A15998}.Release|x64.ActiveCfg = Release|x64
		{4557F754-9FF9-4CD6-AA1A-1F5AB2A15998}.Release|x64.Build.0 = Release|x64
		{4557F754-9FF9-4CD6-AA1A-1F5AB2A15998}.Release|x86.ActiveCfg = Release|Win32
		{4557F754-9FF9-4CD6-AA1A-1F5AB2A15998}.Release|x86.Build.0 = Release|Win32
		{A811A187-41FC-4B0F-A93E-DE274C44485F}.Debug|x64.ActiveCfg = Debug|x64
		{A811A187-41FC-4B0F-A93E-DE274C44485F}.Debug|x64.Build.0 = Debug|x64
		{A811A187-41FC-4B0F-A93E-DE274C44485F}.Debug|x86.ActiveCfg = Debug|Win32
		{A811A187-41FC-4B0F-A93E-DE274C44485F}.Debug|x86.Build.0 = Debug|Win32
		{A811A187-41FC-4B0F-A93E-DE274C44485F}.Release|x64.ActiveCfg = Release|x64
		{A811A187-41FC-4B0F-A93E-DE274C44485F}.Release|x64.Build.0 = Release|x64
		{A811A187-41FC-4B0F-A93E-DE274C44485F}.Release|x86.ActiveCfg = Release|Win32
		{A811A187-41FC-4B0F-A93E-DE274C44485F}.Release|x86.Build.0 = Release|Win32
	EndGlobalSection
	GlobalSection(SolutionProperties) = preSolution
		HideSolutionNode = FALSE
	EndGlobalSection
	GlobalSection(ExtensibilityGlobals) = postSolution
		SolutionGuid = {2D17DF5A-A61C-4B57-8738-2814CB698938}
	EndGlobalSection
EndGlobal
