
Microsoft Visual Studio Solution File, Format Version 12.00
# Visual Studio Version 16
VisualStudioVersion = 16.0.29230.47
MinimumVisualStudioVersion = 10.0.40219.1
Project("{8BC9CEB8-8B4A-11D0-8D11-00A0C91BC942}") = "Hong110", "Hong110\Hong110.vcxproj", "{4BB0DCA6-0A11-47CD-914C-820B06CFF04D}"
EndProject
Project("{8BC9CEB8-8B4A-11D0-8D11-00A0C91BC942}") = "Hong130", "Hong130\Hong130.vcxproj", "{1E216E17-DDB2-404E-B8D5-DF3377E7CDEB}"
EndProject
Project("{8BC9CEB8-8B4A-11D0-8D11-00A0C91BC942}") = "Hong140", "Hong140\Hong140.vcxproj", "{A36A5F20-EB6A-479D-8C35-CC1F8B511B3A}"
EndProject
Project("{8BC9CEB8-8B4A-11D0-8D11-00A0C91BC942}") = "Hong160", "Hong160\Hong160.vcxproj", "{DC5C2002-4F4B-4CEF-868F-15DB33EA5552}"
EndProject
Project("{8BC9CEB8-8B4A-11D0-8D11-00A0C91BC942}") = "Chapter1_7", "Chapter1_7\Chapter1_7.vcxproj", "{953E6F6B-BBC9-413F-A404-5C51B65F007D}"
EndProject
Project("{8BC9CEB8-8B4A-11D0-8D11-00A0C91BC942}") = "Chapter1_8", "Chapter1_8\Chapter1_8.vcxproj", "{842F0F54-AC71-414F-975E-C5A7DF4E66F8}"
EndProject
Project("{8BC9CEB8-8B4A-11D0-8D11-00A0C91BC942}") = "Chapter1_10", "Chapter1_10\Chapter1_10.vcxproj", "{1F601F92-6D34-4E13-8FF6-1DEB4FA36BBE}"
EndProject
Project("{8BC9CEB8-8B4A-11D0-8D11-00A0C91BC942}") = "Chapter1_11", "Chapter1_11\Chapter1_11.vcxproj", "{50645A2B-BB68-4223-B3F7-094F32120596}"
EndProject
Project("{8BC9CEB8-8B4A-11D0-8D11-00A0C91BC942}") = "Chapter1_12", "Chapter1_12\Chapter1_12.vcxproj", "{D98E623E-CED0-4B9E-BDF2-3AC40DA533DA}"
EndProject
Project("{8BC9CEB8-8B4A-11D0-8D11-00A0C91BC942}") = "Chapter1_13", "Chapter1_13\Chapter1_13.vcxproj", "{136616C7-4E20-45A0-B018-667299159041}"
EndProject
Project("{8BC9CEB8-8B4A-11D0-8D11-00A0C91BC942}") = "Chapter1_14", "Chapter1_14\Chapter1_14.vcxproj", "{24EE4C29-0ADB-47F9-8B97-53C08D34BA74}"
EndProject
Global
	GlobalSection(SolutionConfigurationPlatforms) = preSolution
		Debug|x64 = Debug|x64
		Debug|x86 = Debug|x86
		Release|x64 = Release|x64
		Release|x86 = Release|x86
	EndGlobalSection
	GlobalSection(ProjectConfigurationPlatforms) = postSolution
		{4BB0DCA6-0A11-47CD-914C-820B06CFF04D}.Debug|x64.ActiveCfg = Debug|x64
		{4BB0DCA6-0A11-47CD-914C-820B06CFF04D}.Debug|x64.Build.0 = Debug|x64
		{4BB0DCA6-0A11-47CD-914C-820B06CFF04D}.Debug|x86.ActiveCfg = Debug|Win32
		{4BB0DCA6-0A11-47CD-914C-820B06CFF04D}.Debug|x86.Build.0 = Debug|Win32
		{4BB0DCA6-0A11-47CD-914C-820B06CFF04D}.Release|x64.ActiveCfg = Release|x64
		{4BB0DCA6-0A11-47CD-914C-820B06CFF04D}.Release|x64.Build.0 = Release|x64
		{4BB0DCA6-0A11-47CD-914C-820B06CFF04D}.Release|x86.ActiveCfg = Release|Win32
		{4BB0DCA6-0A11-47CD-914C-820B06CFF04D}.Release|x86.Build.0 = Release|Win32
		{1E216E17-DDB2-404E-B8D5-DF3377E7CDEB}.Debug|x64.ActiveCfg = Debug|x64
		{1E216E17-DDB2-404E-B8D5-DF3377E7CDEB}.Debug|x64.Build.0 = Debug|x64
		{1E216E17-DDB2-404E-B8D5-DF3377E7CDEB}.Debug|x86.ActiveCfg = Debug|Win32
		{1E216E17-DDB2-404E-B8D5-DF3377E7CDEB}.Debug|x86.Build.0 = Debug|Win32
		{1E216E17-DDB2-404E-B8D5-DF3377E7CDEB}.Release|x64.ActiveCfg = Release|x64
		{1E216E17-DDB2-404E-B8D5-DF3377E7CDEB}.Release|x64.Build.0 = Release|x64
		{1E216E17-DDB2-404E-B8D5-DF3377E7CDEB}.Release|x86.ActiveCfg = Release|Win32
		{1E216E17-DDB2-404E-B8D5-DF3377E7CDEB}.Release|x86.Build.0 = Release|Win32
		{A36A5F20-EB6A-479D-8C35-CC1F8B511B3A}.Debug|x64.ActiveCfg = Debug|x64
		{A36A5F20-EB6A-479D-8C35-CC1F8B511B3A}.Debug|x64.Build.0 = Debug|x64
		{A36A5F20-EB6A-479D-8C35-CC1F8B511B3A}.Debug|x86.ActiveCfg = Debug|Win32
		{A36A5F20-EB6A-479D-8C35-CC1F8B511B3A}.Debug|x86.Build.0 = Debug|Win32
		{A36A5F20-EB6A-479D-8C35-CC1F8B511B3A}.Release|x64.ActiveCfg = Release|x64
		{A36A5F20-EB6A-479D-8C35-CC1F8B511B3A}.Release|x64.Build.0 = Release|x64
		{A36A5F20-EB6A-479D-8C35-CC1F8B511B3A}.Release|x86.ActiveCfg = Release|Win32
		{A36A5F20-EB6A-479D-8C35-CC1F8B511B3A}.Release|x86.Build.0 = Release|Win32
		{DC5C2002-4F4B-4CEF-868F-15DB33EA5552}.Debug|x64.ActiveCfg = Debug|x64
		{DC5C2002-4F4B-4CEF-868F-15DB33EA5552}.Debug|x64.Build.0 = Debug|x64
		{DC5C2002-4F4B-4CEF-868F-15DB33EA5552}.Debug|x86.ActiveCfg = Debug|Win32
		{DC5C2002-4F4B-4CEF-868F-15DB33EA5552}.Debug|x86.Build.0 = Debug|Win32
		{DC5C2002-4F4B-4CEF-868F-15DB33EA5552}.Release|x64.ActiveCfg = Release|x64
		{DC5C2002-4F4B-4CEF-868F-15DB33EA5552}.Release|x64.Build.0 = Release|x64
		{DC5C2002-4F4B-4CEF-868F-15DB33EA5552}.Release|x86.ActiveCfg = Release|Win32
		{DC5C2002-4F4B-4CEF-868F-15DB33EA5552}.Release|x86.Build.0 = Release|Win32
		{953E6F6B-BBC9-413F-A404-5C51B65F007D}.Debug|x64.ActiveCfg = Debug|x64
		{953E6F6B-BBC9-413F-A404-5C51B65F007D}.Debug|x64.Build.0 = Debug|x64
		{953E6F6B-BBC9-413F-A404-5C51B65F007D}.Debug|x86.ActiveCfg = Debug|Win32
		{953E6F6B-BBC9-413F-A404-5C51B65F007D}.Debug|x86.Build.0 = Debug|Win32
		{953E6F6B-BBC9-413F-A404-5C51B65F007D}.Release|x64.ActiveCfg = Release|x64
		{953E6F6B-BBC9-413F-A404-5C51B65F007D}.Release|x64.Build.0 = Release|x64
		{953E6F6B-BBC9-413F-A404-5C51B65F007D}.Release|x86.ActiveCfg = Release|Win32
		{953E6F6B-BBC9-413F-A404-5C51B65F007D}.Release|x86.Build.0 = Release|Win32
		{842F0F54-AC71-414F-975E-C5A7DF4E66F8}.Debug|x64.ActiveCfg = Debug|x64
		{842F0F54-AC71-414F-975E-C5A7DF4E66F8}.Debug|x64.Build.0 = Debug|x64
		{842F0F54-AC71-414F-975E-C5A7DF4E66F8}.Debug|x86.ActiveCfg = Debug|Win32
		{842F0F54-AC71-414F-975E-C5A7DF4E66F8}.Debug|x86.Build.0 = Debug|Win32
		{842F0F54-AC71-414F-975E-C5A7DF4E66F8}.Release|x64.ActiveCfg = Release|x64
		{842F0F54-AC71-414F-975E-C5A7DF4E66F8}.Release|x64.Build.0 = Release|x64
		{842F0F54-AC71-414F-975E-C5A7DF4E66F8}.Release|x86.ActiveCfg = Release|Win32
		{842F0F54-AC71-414F-975E-C5A7DF4E66F8}.Release|x86.Build.0 = Release|Win32
		{1F601F92-6D34-4E13-8FF6-1DEB4FA36BBE}.Debug|x64.ActiveCfg = Debug|x64
		{1F601F92-6D34-4E13-8FF6-1DEB4FA36BBE}.Debug|x64.Build.0 = Debug|x64
		{1F601F92-6D34-4E13-8FF6-1DEB4FA36BBE}.Debug|x86.ActiveCfg = Debug|Win32
		{1F601F92-6D34-4E13-8FF6-1DEB4FA36BBE}.Debug|x86.Build.0 = Debug|Win32
		{1F601F92-6D34-4E13-8FF6-1DEB4FA36BBE}.Release|x64.ActiveCfg = Release|x64
		{1F601F92-6D34-4E13-8FF6-1DEB4FA36BBE}.Release|x64.Build.0 = Release|x64
		{1F601F92-6D34-4E13-8FF6-1DEB4FA36BBE}.Release|x86.ActiveCfg = Release|Win32
		{1F601F92-6D34-4E13-8FF6-1DEB4FA36BBE}.Release|x86.Build.0 = Release|Win32
		{50645A2B-BB68-4223-B3F7-094F32120596}.Debug|x64.ActiveCfg = Debug|x64
		{50645A2B-BB68-4223-B3F7-094F32120596}.Debug|x64.Build.0 = Debug|x64
		{50645A2B-BB68-4223-B3F7-094F32120596}.Debug|x86.ActiveCfg = Debug|Win32
		{50645A2B-BB68-4223-B3F7-094F32120596}.Debug|x86.Build.0 = Debug|Win32
		{50645A2B-BB68-4223-B3F7-094F32120596}.Release|x64.ActiveCfg = Release|x64
		{50645A2B-BB68-4223-B3F7-094F32120596}.Release|x64.Build.0 = Release|x64
		{50645A2B-BB68-4223-B3F7-094F32120596}.Release|x86.ActiveCfg = Release|Win32
		{50645A2B-BB68-4223-B3F7-094F32120596}.Release|x86.Build.0 = Release|Win32
		{D98E623E-CED0-4B9E-BDF2-3AC40DA533DA}.Debug|x64.ActiveCfg = Debug|x64
		{D98E623E-CED0-4B9E-BDF2-3AC40DA533DA}.Debug|x64.Build.0 = Debug|x64
		{D98E623E-CED0-4B9E-BDF2-3AC40DA533DA}.Debug|x86.ActiveCfg = Debug|Win32
		{D98E623E-CED0-4B9E-BDF2-3AC40DA533DA}.Debug|x86.Build.0 = Debug|Win32
		{D98E623E-CED0-4B9E-BDF2-3AC40DA533DA}.Release|x64.ActiveCfg = Release|x64
		{D98E623E-CED0-4B9E-BDF2-3AC40DA533DA}.Release|x64.Build.0 = Release|x64
		{D98E623E-CED0-4B9E-BDF2-3AC40DA533DA}.Release|x86.ActiveCfg = Release|Win32
		{D98E623E-CED0-4B9E-BDF2-3AC40DA533DA}.Release|x86.Build.0 = Release|Win32
		{136616C7-4E20-45A0-B018-667299159041}.Debug|x64.ActiveCfg = Debug|x64
		{136616C7-4E20-45A0-B018-667299159041}.Debug|x64.Build.0 = Debug|x64
		{136616C7-4E20-45A0-B018-667299159041}.Debug|x86.ActiveCfg = Debug|Win32
		{136616C7-4E20-45A0-B018-667299159041}.Debug|x86.Build.0 = Debug|Win32
		{136616C7-4E20-45A0-B018-667299159041}.Release|x64.ActiveCfg = Release|x64
		{136616C7-4E20-45A0-B018-667299159041}.Release|x64.Build.0 = Release|x64
		{136616C7-4E20-45A0-B018-667299159041}.Release|x86.ActiveCfg = Release|Win32
		{136616C7-4E20-45A0-B018-667299159041}.Release|x86.Build.0 = Release|Win32
		{24EE4C29-0ADB-47F9-8B97-53C08D34BA74}.Debug|x64.ActiveCfg = Debug|x64
		{24EE4C29-0ADB-47F9-8B97-53C08D34BA74}.Debug|x64.Build.0 = Debug|x64
		{24EE4C29-0ADB-47F9-8B97-53C08D34BA74}.Debug|x86.ActiveCfg = Debug|Win32
		{24EE4C29-0ADB-47F9-8B97-53C08D34BA74}.Debug|x86.Build.0 = Debug|Win32
		{24EE4C29-0ADB-47F9-8B97-53C08D34BA74}.Release|x64.ActiveCfg = Release|x64
		{24EE4C29-0ADB-47F9-8B97-53C08D34BA74}.Release|x64.Build.0 = Release|x64
		{24EE4C29-0ADB-47F9-8B97-53C08D34BA74}.Release|x86.ActiveCfg = Release|Win32
		{24EE4C29-0ADB-47F9-8B97-53C08D34BA74}.Release|x86.Build.0 = Release|Win32
	EndGlobalSection
	GlobalSection(SolutionProperties) = preSolution
		HideSolutionNode = FALSE
	EndGlobalSection
	GlobalSection(ExtensibilityGlobals) = postSolution
		SolutionGuid = {3DF0D7CA-EB9E-42DD-B087-6E4A4D95EDED}
	EndGlobalSection
EndGlobal
