
Microsoft Visual Studio Solution File, Format Version 12.00
# Visual Studio Version 16
VisualStudioVersion = 16.0.29324.140
MinimumVisualStudioVersion = 10.0.40219.1
Project("{8BC9CEB8-8B4A-11D0-8D11-00A0C91BC942}") = "Chapter3_4", "Chapter3_4\Chapter3_4.vcxproj", "{F8EE67F0-7439-4A2E-BFFD-ADDB9823102C}"
EndProject
Project("{8BC9CEB8-8B4A-11D0-8D11-00A0C91BC942}") = "Chapter3_5", "Chapter3_5\Chapter3_5.vcxproj", "{E484C6F8-E5E7-4DB0-8531-B88277B61E45}"
EndProject
Project("{8BC9CEB8-8B4A-11D0-8D11-00A0C91BC942}") = "Chapter3_6", "Chapter3_6\Chapter3_6.vcxproj", "{05E84BE6-E2CA-4361-9FED-75CDCED76217}"
EndProject
Project("{8BC9CEB8-8B4A-11D0-8D11-00A0C91BC942}") = "Chapter3_8", "Chapter3_8\Chapter3_8.vcxproj", "{6C4F14C6-DE49-4911-825B-8EEDAE1C84D0}"
EndProject
Project("{8BC9CEB8-8B4A-11D0-8D11-00A0C91BC942}") = "Chapter3_9", "Chapter3_9\Chapter3_9.vcxproj", "{74926B1A-67AB-4BE0-B5A3-562603C622F5}"
EndProject
Global
	GlobalSection(SolutionConfigurationPlatforms) = preSolution
		Debug|x64 = Debug|x64
		Debug|x86 = Debug|x86
		Release|x64 = Release|x64
		Release|x86 = Release|x86
	EndGlobalSection
	GlobalSection(ProjectConfigurationPlatforms) = postSolution
		{F8EE67F0-7439-4A2E-BFFD-ADDB9823102C}.Debug|x64.ActiveCfg = Debug|x64
		{F8EE67F0-7439-4A2E-BFFD-ADDB9823102C}.Debug|x64.Build.0 = Debug|x64
		{F8EE67F0-7439-4A2E-BFFD-ADDB9823102C}.Debug|x86.ActiveCfg = Debug|Win32
		{F8EE67F0-7439-4A2E-BFFD-ADDB9823102C}.Debug|x86.Build.0 = Debug|Win32
		{F8EE67F0-7439-4A2E-BFFD-ADDB9823102C}.Release|x64.ActiveCfg = Release|x64
		{F8EE67F0-7439-4A2E-BFFD-ADDB9823102C}.Release|x64.Build.0 = Release|x64
		{F8EE67F0-7439-4A2E-BFFD-ADDB9823102C}.Release|x86.ActiveCfg = Release|Win32
		{F8EE67F0-7439-4A2E-BFFD-ADDB9823102C}.Release|x86.Build.0 = Release|Win32
		{E484C6F8-E5E7-4DB0-8531-B88277B61E45}.Debug|x64.ActiveCfg = Debug|x64
		{E484C6F8-E5E7-4DB0-8531-B88277B61E45}.Debug|x64.Build.0 = Debug|x64
		{E484C6F8-E5E7-4DB0-8531-B88277B61E45}.Debug|x86.ActiveCfg = Debug|Win32
		{E484C6F8-E5E7-4DB0-8531-B88277B61E45}.Debug|x86.Build.0 = Debug|Win32
		{E484C6F8-E5E7-4DB0-8531-B88277B61E45}.Release|x64.ActiveCfg = Release|x64
		{E484C6F8-E5E7-4DB0-8531-B88277B61E45}.Release|x64.Build.0 = Release|x64
		{E484C6F8-E5E7-4DB0-8531-B88277B61E45}.Release|x86.ActiveCfg = Release|Win32
		{E484C6F8-E5E7-4DB0-8531-B88277B61E45}.Release|x86.Build.0 = Release|Win32
		{05E84BE6-E2CA-4361-9FED-75CDCED76217}.Debug|x64.ActiveCfg = Debug|x64
		{05E84BE6-E2CA-4361-9FED-75CDCED76217}.Debug|x64.Build.0 = Debug|x64
		{05E84BE6-E2CA-4361-9FED-75CDCED76217}.Debug|x86.ActiveCfg = Debug|Win32
		{05E84BE6-E2CA-4361-9FED-75CDCED76217}.Debug|x86.Build.0 = Debug|Win32
		{05E84BE6-E2CA-4361-9FED-75CDCED76217}.Release|x64.ActiveCfg = Release|x64
		{05E84BE6-E2CA-4361-9FED-75CDCED76217}.Release|x64.Build.0 = Release|x64
		{05E84BE6-E2CA-4361-9FED-75CDCED76217}.Release|x86.ActiveCfg = Release|Win32
		{05E84BE6-E2CA-4361-9FED-75CDCED76217}.Release|x86.Build.0 = Release|Win32
		{6C4F14C6-DE49-4911-825B-8EEDAE1C84D0}.Debug|x64.ActiveCfg = Debug|x64
		{6C4F14C6-DE49-4911-825B-8EEDAE1C84D0}.Debug|x64.Build.0 = Debug|x64
		{6C4F14C6-DE49-4911-825B-8EEDAE1C84D0}.Debug|x86.ActiveCfg = Debug|Win32
		{6C4F14C6-DE49-4911-825B-8EEDAE1C84D0}.Debug|x86.Build.0 = Debug|Win32
		{6C4F14C6-DE49-4911-825B-8EEDAE1C84D0}.Release|x64.ActiveCfg = Release|x64
		{6C4F14C6-DE49-4911-825B-8EEDAE1C84D0}.Release|x64.Build.0 = Release|x64
		{6C4F14C6-DE49-4911-825B-8EEDAE1C84D0}.Release|x86.ActiveCfg = Release|Win32
		{6C4F14C6-DE49-4911-825B-8EEDAE1C84D0}.Release|x86.Build.0 = Release|Win32
		{74926B1A-67AB-4BE0-B5A3-562603C622F5}.Debug|x64.ActiveCfg = Debug|x64
		{74926B1A-67AB-4BE0-B5A3-562603C622F5}.Debug|x64.Build.0 = Debug|x64
		{74926B1A-67AB-4BE0-B5A3-562603C622F5}.Debug|x86.ActiveCfg = Debug|Win32
		{74926B1A-67AB-4BE0-B5A3-562603C622F5}.Debug|x86.Build.0 = Debug|Win32
		{74926B1A-67AB-4BE0-B5A3-562603C622F5}.Release|x64.ActiveCfg = Release|x64
		{74926B1A-67AB-4BE0-B5A3-562603C622F5}.Release|x64.Build.0 = Release|x64
		{74926B1A-67AB-4BE0-B5A3-562603C622F5}.Release|x86.ActiveCfg = Release|Win32
		{74926B1A-67AB-4BE0-B5A3-562603C622F5}.Release|x86.Build.0 = Release|Win32
	EndGlobalSection
	GlobalSection(SolutionProperties) = preSolution
		HideSolutionNode = FALSE
	EndGlobalSection
	GlobalSection(ExtensibilityGlobals) = postSolution
		SolutionGuid = {A446B2DD-B0FE-4872-9F1B-72E99A1A791F}
	EndGlobalSection
EndGlobal
